# Generated by conda-lock.
# platform: linux-64
# env_hash: 5199de7385ab78c4df7395960293d0159dc452ae5a35dee89fd1fe6385e46128
@EXPLICIT
https://conda.anaconda.org/conda-forge/noarch/nomkl-1.0-h5ca1d4c_0.tar.bz2#9a66894dfd07c4510beb6b3f9672ccc0
https://conda.anaconda.org/conda-forge/linux-64/_libgcc_mutex-0.1-conda_forge.tar.bz2#d7c89558ba9fa0495403155b64376d81
https://conda.anaconda.org/conda-forge/linux-64/ca-certificates-2021.5.30-ha878542_0.tar.bz2#6a777890e94194dc94a29a76d2a7e721
https://conda.anaconda.org/conda-forge/noarch/font-ttf-dejavu-sans-mono-2.37-hab24e00_0.tar.bz2#0c96522c6bdaed4b1566d11387caaf45
https://conda.anaconda.org/conda-forge/linux-64/ld_impl_linux-64-2.36.1-hea4e1c9_2.tar.bz2#bd4f2e711b39af170e7ff15163fe87ee
https://conda.anaconda.org/conda-forge/linux-64/libgfortran5-11.1.0-h6c583b3_6.tar.bz2#ece3a582681dae75428b88e267a6580f
https://conda.anaconda.org/conda-forge/linux-64/libstdcxx-ng-11.1.0-h56837e0_6.tar.bz2#a7420de095361151e2a4d2687ad39292
https://conda.anaconda.org/conda-forge/linux-64/openjdk-8.0.282-h7f98852_0.tar.bz2#39420bd48126fc841ce33cca432feb3d
https://conda.anaconda.org/conda-forge/linux-64/libgfortran-ng-11.1.0-h69a702a_6.tar.bz2#e1ae5e9fcbe30a74fbca04a893ada00a
https://conda.anaconda.org/conda-forge/linux-64/libgomp-11.1.0-hc902ee8_6.tar.bz2#4643448d355a09dd587ffd8838acf8e3
https://conda.anaconda.org/conda-forge/linux-64/_openmp_mutex-4.5-1_gnu.tar.bz2#561e277319a41d4f24f5c05a9ef63c04
https://conda.anaconda.org/conda-forge/linux-64/libgcc-ng-11.1.0-hc902ee8_6.tar.bz2#3dbb18ea1f6e616bc59d7b51640d2af1
https://conda.anaconda.org/conda-forge/linux-64/bc-1.07.1-h516909a_0.tar.bz2#8f14707a1fddf59d7dc7302f0f626874
https://conda.anaconda.org/conda-forge/linux-64/bzip2-1.0.8-h7f98852_4.tar.bz2#a1fd65c7ccbf10880423d82bca54eb54
https://conda.anaconda.org/conda-forge/linux-64/c-ares-1.17.1-h7f98852_1.tar.bz2#ed1dc233ed5e3eaa9bfbaac64d130c5e
https://conda.anaconda.org/conda-forge/linux-64/icu-68.1-h58526e2_0.tar.bz2#fc7a4271dc2a7f4fd78cd63695baf7c3
https://conda.anaconda.org/conda-forge/linux-64/isa-l-2.30.0-ha770c72_4.tar.bz2#e9f011f428f6a0bba8a2613d7c107b88
https://conda.anaconda.org/conda-forge/linux-64/jpeg-9d-h36c2ea0_0.tar.bz2#ea02ce6037dbe81803ae6123e5ba1568
https://conda.anaconda.org/conda-forge/linux-64/libdeflate-1.7-h7f98852_5.tar.bz2#10e242842cd30c59c12d79371dc0f583
https://conda.anaconda.org/conda-forge/linux-64/libev-4.33-h516909a_1.tar.bz2#6f8720dff19e17ce5d48cfe7f3d2f0a3
https://conda.anaconda.org/conda-forge/linux-64/libffi-3.3-h58526e2_2.tar.bz2#665369991d8dd290ac5ee92fce3e6bf5
https://conda.anaconda.org/conda-forge/linux-64/libiconv-1.16-h516909a_0.tar.bz2#5c0f338a513a2943c659ae619fca9211
https://conda.anaconda.org/conda-forge/linux-64/libopenblas-0.3.17-pthreads_h8fe5266_1.tar.bz2#7f96c04618e952e0f9d94d5e07545a71
https://conda.anaconda.org/conda-forge/linux-64/libuuid-2.32.1-h7f98852_1000.tar.bz2#772d69f030955d9646d3d0eaf21d859d
https://conda.anaconda.org/conda-forge/linux-64/libwebp-base-1.2.0-h7f98852_2.tar.bz2#fb63a035a3b552c88a30d84b89ebf4c4
https://conda.anaconda.org/conda-forge/linux-64/lz4-c-1.9.3-h9c3ff4c_1.tar.bz2#fbe97e8fa6f275d7c76a09e795adc3e6
https://conda.anaconda.org/conda-forge/linux-64/ncurses-6.2-h58526e2_4.tar.bz2#509f2a21c4a09214cd737a480dfd80c9
https://conda.anaconda.org/conda-forge/linux-64/openssl-1.1.1k-h7f98852_0.tar.bz2#07fae2cb088379c8441e0f3ffa1f4025
https://conda.anaconda.org/conda-forge/linux-64/pcre-8.45-h9c3ff4c_0.tar.bz2#c05d1820a6d34ff07aaaab7a9b7eddaa
https://conda.anaconda.org/conda-forge/linux-64/perl-5.32.1-0_h7f98852_perl5.tar.bz2#5af47d397a3085a060c080a40ba77b7c
https://conda.anaconda.org/bioconda/linux-64/starcode-1.4-h779adbc_1.tar.bz2#489e4d1ef313401e9a5ed1c170bf1d52
https://conda.anaconda.org/conda-forge/linux-64/tbb-2020.2-h4bd325d_4.tar.bz2#850df84d9b8261b73102a8fce99f820f
https://conda.anaconda.org/conda-forge/linux-64/xz-5.2.5-h516909a_1.tar.bz2#33f601066901f3e1a85af3522a8113f9
https://conda.anaconda.org/conda-forge/linux-64/yaml-0.2.5-h516909a_0.tar.bz2#03a530e925414902547cf48da7756db8
https://conda.anaconda.org/conda-forge/linux-64/zlib-1.2.11-h516909a_1010.tar.bz2#339cc5584e6d26bc73a875ba900028c3
https://conda.anaconda.org/bioconda/linux-64/bwa-0.7.17-h5bf99c6_8.tar.bz2#296699e49a5c7d784cbe9dd788848fb5
https://conda.anaconda.org/bioconda/linux-64/ema-0.6.2-h2e03b76_3.tar.bz2#477fc8e6f3b356a717b0dc2b9b34a87f
https://conda.anaconda.org/bioconda/linux-64/k8-0.2.5-h9a82719_1.tar.bz2#8700d84f57171e0d92bb5e7178aca95c
https://conda.anaconda.org/conda-forge/linux-64/libblas-3.9.0-10_openblas.tar.bz2#fc12bc19cf81529176e06af4342098ad
https://conda.anaconda.org/conda-forge/linux-64/libedit-3.1.20191231-he28a2e2_2.tar.bz2#4d331e44109e3f0e19b4cb8f9b82f3e1
https://conda.anaconda.org/conda-forge/linux-64/libnghttp2-1.43.0-h812cca2_0.tar.bz2#1867d1e9658596b3fac8847a7702eef4
https://conda.anaconda.org/conda-forge/linux-64/libpng-1.6.37-h21135ba_2.tar.bz2#b6acf807307d033d4b7e758b4f44b036
https://conda.anaconda.org/conda-forge/linux-64/libssh2-1.9.0-ha56f1ee_6.tar.bz2#f0dfb86444df325e599dbc3f4c0a3f5b
https://conda.anaconda.org/conda-forge/linux-64/libxml2-2.9.12-h72842e0_0.tar.bz2#bd14fdf5b9ee5568056a40a6a2f41866
https://conda.anaconda.org/conda-forge/linux-64/parallel-20210622-ha770c72_0.tar.bz2#db2485bf7e34d5ffcb3fe44b1ec939e3
https://conda.anaconda.org/bioconda/noarch/picard-slim-2.25.7-hdfd78af_0.tar.bz2#45aa8013b4e1a2ae8df78b70f5216eec
https://conda.anaconda.org/conda-forge/linux-64/pigz-2.6-h27826a3_0.tar.bz2#677798489006b14291e8617223e34348
https://conda.anaconda.org/conda-forge/linux-64/readline-8.1-h46c0cb4_0.tar.bz2#5788de3c8d7a7d64ac56c784c4ef48e6
https://conda.anaconda.org/conda-forge/linux-64/tk-8.6.10-h21135ba_1.tar.bz2#c647f70aa7e3d4cc4e029cc1c9a99953
https://conda.anaconda.org/conda-forge/linux-64/zstd-1.4.9-ha95c52a_0.tar.bz2#b481dc9fda3af2a681d08a4d5cd1ea0b
https://conda.anaconda.org/conda-forge/linux-64/freetype-2.10.4-h0708190_1.tar.bz2#4a06f2ac2e5bfae7b6b245171c3f07aa
https://conda.anaconda.org/conda-forge/linux-64/krb5-1.19.2-hcc1bbae_0.tar.bz2#81256fa86f9b65cf8ca726eeb3a7f283
https://conda.anaconda.org/conda-forge/linux-64/libcblas-3.9.0-10_openblas.tar.bz2#a4cf70d0260c0c67407323d8bba8f600
https://conda.anaconda.org/conda-forge/linux-64/liblapack-3.9.0-10_openblas.tar.bz2#79d2c73a085ba771bc9c19817a37f1a5
https://conda.anaconda.org/conda-forge/linux-64/libtiff-4.2.0-hbd63e13_2.tar.bz2#e3f034b29a122699b06da40c155f1a70
https://conda.anaconda.org/bioconda/linux-64/minimap2-2.21-h5bf99c6_0.tar.bz2#a802499ad14b066eb1c061f3ce0efb42
https://conda.anaconda.org/conda-forge/linux-64/sqlite-3.36.0-h9cd32fc_0.tar.bz2#d5bbac924cbda57469f43448d5236a50
https://conda.anaconda.org/conda-forge/linux-64/coincbc-2.10.5-hcee13e7_1.tar.bz2#e909caa41e0d9ed1dcfb3fbe19eb4618
https://conda.anaconda.org/conda-forge/linux-64/fontconfig-2.13.1-hba837de_1005.tar.bz2#fd3611672eb91bc9d24fd6fb970037eb
https://conda.anaconda.org/conda-forge/linux-64/gsl-2.6-he838d99_2.tar.bz2#d54a10784d331d7b13f8af19acf297b7
https://conda.anaconda.org/conda-forge/linux-64/lcms2-2.12-hddcbb42_0.tar.bz2#797117394a4aa588de6d741b06fad80f
https://conda.anaconda.org/conda-forge/linux-64/libcurl-7.78.0-h2574ce0_0.tar.bz2#9c06cc5692dcd0b91699413fcc18405b
https://conda.anaconda.org/conda-forge/linux-64/openjpeg-2.4.0-hb52868f_1.tar.bz2#b7ad78ad2e9ee155f59e6428406ee824
https://conda.anaconda.org/conda-forge/linux-64/python-3.6.13-hffdb5ce_0_cpython.tar.bz2#575e65ac9386755d3b9fd70f20dc1e37
https://conda.anaconda.org/conda-forge/noarch/appdirs-1.4.4-pyh9f0ad1d_0.tar.bz2#5f095bc6454094e96f146491fd03633b
https://conda.anaconda.org/conda-forge/noarch/attrs-21.2.0-pyhd8ed1ab_0.tar.bz2#d2e1c7f388ac403df7079b411c37cc50
https://conda.anaconda.org/conda-forge/noarch/charset-normalizer-2.0.0-pyhd8ed1ab_0.tar.bz2#4a57e24d5b759893615c05926b7b5fb9
https://conda.anaconda.org/conda-forge/noarch/colorama-0.4.4-pyh9f0ad1d_0.tar.bz2#c08b4c1326b880ed44f3ffb04803332f
https://conda.anaconda.org/conda-forge/noarch/configargparse-1.5.1-pyhd8ed1ab_0.tar.bz2#d554e5120ba05a2bd833ca90366fa2ef
https://conda.anaconda.org/conda-forge/noarch/connection_pool-0.0.3-pyhd3deb0d_0.tar.bz2#e270fff08907db8691c02a0eda8d38ae
https://conda.anaconda.org/conda-forge/noarch/dataclasses-0.7-pyhe4b4509_6.tar.bz2#e592a6fba1b6f333ee5e22ab67c4d167
https://conda.anaconda.org/conda-forge/noarch/decorator-4.4.2-py_0.tar.bz2#d2eabb9cabd212e1ec6a9463bd846243
https://conda.anaconda.org/bioconda/noarch/fastqc-0.11.9-hdfd78af_1.tar.bz2#abd0a12b10022d480c5c508e9170b1ed
https://conda.anaconda.org/conda-forge/noarch/filelock-3.0.12-pyh9f0ad1d_0.tar.bz2#7544ed05bbbe9bb687bc9bcbe4d6cb46
https://conda.anaconda.org/bioconda/noarch/gatk4-4.2.1.0-hdfd78af_0.tar.bz2#009d1f809bb1f425d1f42efbe63febd1
https://conda.anaconda.org/bioconda/linux-64/htslib-1.12-h9093b5e_1.tar.bz2#50992d90a43601fc3e77b48c76aca3f0
https://conda.anaconda.org/conda-forge/noarch/idna-3.1-pyhd3deb0d_0.tar.bz2#9c9aea4b8391264477df484f798562d0
https://conda.anaconda.org/conda-forge/noarch/ipython_genutils-0.2.0-py_1.tar.bz2#5071c982548b3a20caf70462f04f5287
https://conda.anaconda.org/conda-forge/noarch/olefile-0.46-pyh9f0ad1d_1.tar.bz2#0b2e68acc8c78c8cc392b90983481f58
https://conda.anaconda.org/conda-forge/noarch/pycparser-2.20-pyh9f0ad1d_2.tar.bz2#aa798d50ffd182a0f6f31478c7f434f6
https://conda.anaconda.org/conda-forge/noarch/pyparsing-2.4.7-pyh9f0ad1d_0.tar.bz2#626c4f20d5bf06dcec9cf2eaa31725c7
https://conda.anaconda.org/conda-forge/linux-64/python_abi-3.6-2_cp36m.tar.bz2#6f5b92d833a339da29ad8578c2a648ad
https://conda.anaconda.org/conda-forge/noarch/pytz-2021.1-pyhd8ed1ab_0.tar.bz2#3af2e9424d5eb0063824a3f9b850d411
https://conda.anaconda.org/conda-forge/noarch/ratelimiter-1.2.0-py_1002.tar.bz2#a3326f1950c9a8e52a4b5817ba607caa
https://conda.anaconda.org/conda-forge/noarch/six-1.16.0-pyh6c4a22f_0.tar.bz2#e5f25f8dbc060e9a8d912e432202afc2
https://conda.anaconda.org/conda-forge/noarch/smart_open-5.1.0-pyhd8ed1ab_1.tar.bz2#05361238acb497a00049d75396fbdbe0
https://conda.anaconda.org/conda-forge/noarch/smmap-3.0.5-pyh44b312d_0.tar.bz2#3a8dc70789709aa315325d5df06fb7e4
https://conda.anaconda.org/conda-forge/noarch/tabulate-0.8.9-pyhd8ed1ab_0.tar.bz2#ee657dbe69e892aeccde7cabb4edf261
https://conda.anaconda.org/conda-forge/noarch/toposort-1.6-pyhd8ed1ab_0.tar.bz2#87da8886abd55a5c2636fc6e44143059
https://conda.anaconda.org/conda-forge/noarch/typing_extensions-3.10.0.0-pyha770c72_0.tar.bz2#67c0cba6533b641f28946d7c16f361c8
https://conda.anaconda.org/conda-forge/noarch/zipp-3.5.0-pyhd8ed1ab_0.tar.bz2#f9dd05a5ed6b81c91f097e3739107a74
https://conda.anaconda.org/bioconda/linux-64/bcftools-1.12-h45bccc9_1.tar.bz2#f1a250774b39eed81ea9027205ffbf15
https://conda.anaconda.org/bioconda/linux-64/bowtie2-2.4.4-py36hd4290be_0.tar.bz2#89f226939bd446c90a5f1e854f309af3
https://conda.anaconda.org/conda-forge/linux-64/certifi-2021.5.30-py36h5fab9bb_0.tar.bz2#500e3fb737f9d2023755f78f1f22ca69
https://conda.anaconda.org/conda-forge/linux-64/cffi-1.14.6-py36hc120d54_0.tar.bz2#d0578c300b81dfe2d8882c1279ee19c2
https://conda.anaconda.org/conda-forge/linux-64/chardet-4.0.0-py36h5fab9bb_1.tar.bz2#b63c63a44b8d37acaff014df8a512d92
https://conda.anaconda.org/conda-forge/noarch/cycler-0.10.0-py_2.tar.bz2#f6d7c7e6d8f42cbbec7e07a8d879f91c
https://conda.anaconda.org/conda-forge/linux-64/datrie-0.8.2-py36h8f6f2f9_2.tar.bz2#172908237a5835c3e8bc4398e975c6cc
https://conda.anaconda.org/conda-forge/linux-64/docutils-0.17.1-py36h5fab9bb_0.tar.bz2#f6f839c040e50973b1bbc291b6f4579a
https://conda.anaconda.org/conda-forge/linux-64/future-0.18.2-py36h5fab9bb_3.tar.bz2#341f6243deff7bc72eae432bb8173d03
https://conda.anaconda.org/conda-forge/noarch/gitdb-4.0.7-pyhd8ed1ab_0.tar.bz2#12977b4cc317a6ee2939aedcb09a4898
https://conda.anaconda.org/conda-forge/linux-64/humanfriendly-9.2-py36h5fab9bb_1.tar.bz2#3075a42a2a6e58c2e0dab1f1fce325db
https://conda.anaconda.org/conda-forge/linux-64/importlib-metadata-4.6.3-py36h5fab9bb_0.tar.bz2#2409b12b3b91e7965742762931613f02
https://conda.anaconda.org/conda-forge/noarch/importlib_resources-5.2.2-pyhd8ed1ab_0.tar.bz2#95f347313ca89b90b65ea5265051aea1
https://conda.anaconda.org/conda-forge/linux-64/kiwisolver-1.3.1-py36h605e78d_1.tar.bz2#a92afbf92c5416585457e5de5c3d98c7
https://conda.anaconda.org/conda-forge/linux-64/markupsafe-2.0.1-py36h8f6f2f9_0.tar.bz2#e450eb239eb68d0467b1c6d0fef28ae9
https://conda.anaconda.org/bioconda/linux-64/mosdepth-0.3.2-h01d7912_0.tar.bz2#c100c58575298c1bf1bd6651191d069c
https://conda.anaconda.org/conda-forge/linux-64/numpy-1.19.5-py36hfc0c790_2.tar.bz2#68dd09a5147b9dfc38a75237b99dad8e
https://conda.anaconda.org/conda-forge/linux-64/pillow-8.2.0-py36ha6010c0_1.tar.bz2#c6319092abb6107b05b59c67e83c74a3
https://conda.anaconda.org/conda-forge/linux-64/psutil-5.8.0-py36h8f6f2f9_1.tar.bz2#ccecd9206d61f029549a81a980174ed8
https://conda.anaconda.org/bioconda/noarch/pyfaidx-0.6.1-pyh5e36f6f_0.tar.bz2#ebf38cb49438bd3e433a5d436e1b4d2a
https://conda.anaconda.org/conda-forge/linux-64/pyrsistent-0.17.3-py36h8f6f2f9_2.tar.bz2#26db670368942d4a144cad213448496a
https://conda.anaconda.org/bioconda/linux-64/pysam-0.16.0.1-py36h61e5637_3.tar.bz2#c6af97cb2c2cbb3174dcace12c21497a
https://conda.anaconda.org/conda-forge/linux-64/pysocks-1.7.1-py36h5fab9bb_3.tar.bz2#4dfb9be0b2975bc7933f32c6db7af205
https://conda.anaconda.org/conda-forge/noarch/python-dateutil-2.8.2-pyhd8ed1ab_0.tar.bz2#dd999d1cc9f79e67dbb855c8924c7984
https://conda.anaconda.org/conda-forge/linux-64/python-isal-0.11.0-py36h8f6f2f9_0.tar.bz2#94f1d4ee72cb48d647107c583d9c728c
https://conda.anaconda.org/conda-forge/linux-64/pyyaml-5.4.1-py36h8f6f2f9_0.tar.bz2#c4be96c884afed3ce48ab143570a439f
https://conda.anaconda.org/conda-forge/linux-64/ruamel.yaml.clib-0.2.2-py36h8f6f2f9_2.tar.bz2#20b17ae368cb09dd5609203ad3eaf122
https://conda.anaconda.org/bioconda/linux-64/samtools-1.12-h9aed4be_1.tar.bz2#28d45e53917d0a4b5fb8fb5b3bcf86fc
https://conda.anaconda.org/conda-forge/linux-64/simplejson-3.17.3-py36h8f6f2f9_0.tar.bz2#460dee1bcb695f67a76363e960d65191
https://conda.anaconda.org/conda-forge/linux-64/tornado-6.1-py36h8f6f2f9_1.tar.bz2#3d19680e14cb7cf6f383ba1fd3a72f2c
https://conda.anaconda.org/conda-forge/noarch/tqdm-4.62.0-pyhd8ed1ab_0.tar.bz2#6eaecae6ef42374481ce616292a0c945
https://conda.anaconda.org/conda-forge/linux-64/traitlets-4.3.3-py36h9f0ad1d_1.tar.bz2#37802414836e8c0594873aaf656ace5d
https://conda.anaconda.org/conda-forge/linux-64/wrapt-1.12.1-py36h8f6f2f9_3.tar.bz2#bfb8c95ad73d55aef418e7aaae3c3a1e
https://conda.anaconda.org/conda-forge/noarch/amply-0.1.4-py_0.tar.bz2#041279ad9cf0a09c2d9a5a829b7811a5
https://conda.anaconda.org/conda-forge/linux-64/biopython-1.79-py36h8f6f2f9_0.tar.bz2#e84cfbc262dddedd7b4433cbe4a09a63
https://conda.anaconda.org/conda-forge/linux-64/brotlipy-0.7.0-py36h8f6f2f9_1001.tar.bz2#0f244e9624403e17430e9d959530b01c
https://conda.anaconda.org/conda-forge/linux-64/click-8.0.1-py36h5fab9bb_0.tar.bz2#0b99dd9d5e929ced82084bbf0b6135da
https://conda.anaconda.org/conda-forge/linux-64/coloredlogs-15.0.1-py36h5fab9bb_1.tar.bz2#bc52305808f3d2ba3ccee03fdc5728f8
https://conda.anaconda.org/conda-forge/noarch/commonmark-0.9.1-py_0.tar.bz2#6aa0173c14befcd577ded130cf6f22f5
https://conda.anaconda.org/conda-forge/linux-64/cryptography-3.4.7-py36hb60f036_0.tar.bz2#e3f8fbf0f4037279847c8ab1551fe6f8
https://conda.anaconda.org/conda-forge/noarch/gitpython-3.1.18-pyhd8ed1ab_0.tar.bz2#19520f600cddf466cc3551e521809b66
https://conda.anaconda.org/bioconda/linux-64/hapcut2-1.3.2-h22771d5_1.tar.bz2#51ef26ca48c082904c838948131dba3a
https://conda.anaconda.org/conda-forge/noarch/jinja2-3.0.1-pyhd8ed1ab_0.tar.bz2#c647e77921fd3e245cdcc5b2d451a0f8
https://conda.anaconda.org/conda-forge/linux-64/jupyter_core-4.7.1-py36h5fab9bb_0.tar.bz2#aa9e4c495b8d1ae2c3e8812007539573
https://conda.anaconda.org/conda-forge/noarch/lzstring-1.0.4-py_1001.tar.bz2#08f3559feb5354d308287d9dc10ef184
https://conda.anaconda.org/conda-forge/noarch/markdown-3.3.4-pyhd8ed1ab_0.tar.bz2#b8054f74fbed2b282f032219f114421a
https://conda.anaconda.org/conda-forge/linux-64/pandas-1.1.5-py36h284efc9_0.tar.bz2#e5e3d1a5401c1c932ada9d4f0b6c8448
https://conda.anaconda.org/conda-forge/linux-64/scipy-1.5.3-py36h9e8f40b_0.tar.bz2#39502ad94bcb186c0cf4eb7532316d6a
https://conda.anaconda.org/conda-forge/linux-64/setuptools-49.6.0-py36h5fab9bb_3.tar.bz2#0e5930ee136de4ecef3640f50b3037a2
https://conda.anaconda.org/bioconda/linux-64/tabixpp-1.1.0-he28291e_6.tar.bz2#7b1230e2c8105e881de0ac54111923f2
https://conda.anaconda.org/conda-forge/linux-64/xopen-1.1.0-py36h5fab9bb_3.tar.bz2#beb5e5c2ce265b6208aa672923986b31
https://conda.anaconda.org/bioconda/linux-64/dnaio-0.5.1-py36hc5360cc_0.tar.bz2#a3cd27ad5719e924a1a92d3af9b35da4
https://conda.anaconda.org/conda-forge/noarch/jsonschema-3.2.0-pyhd8ed1ab_3.tar.bz2#66125e28711d8ffc04a207a2b170316d
https://conda.anaconda.org/conda-forge/linux-64/matplotlib-base-3.3.4-py36hd391965_0.tar.bz2#ed3c55ad68aa87ba9c2b2d5f6ede7f14
https://conda.anaconda.org/conda-forge/linux-64/pulp-2.4-py36h5fab9bb_0.tar.bz2#b2b51f44308462c5822bf045fb6b8fea
https://conda.anaconda.org/conda-forge/noarch/pygments-2.9.0-pyhd8ed1ab_0.tar.bz2#a2d9bba43c9b80a42b0ccb9afd7223c2
https://conda.anaconda.org/conda-forge/noarch/pyopenssl-20.0.1-pyhd8ed1ab_0.tar.bz2#92371c25994d0f5d28a01c1fb75ebf86
https://conda.anaconda.org/conda-forge/linux-64/ruamel.yaml-0.17.10-py36h8f6f2f9_0.tar.bz2#e582f9275140f7cf5121524252f30d7d
https://conda.anaconda.org/conda-forge/noarch/stopit-1.1.2-py_0.tar.bz2#a07ae164291cd456aa3012f44654a950
https://conda.anaconda.org/bioconda/linux-64/vcflib-1.0.2-h3198e80_5.tar.bz2#2dd22c337b2583dbdcd099bd3fa0e19d
https://conda.anaconda.org/bioconda/linux-64/cutadapt-2.5-py36h516909a_0.tar.bz2#6033e5a7341de6777574f018980ba18a
https://conda.anaconda.org/bioconda/linux-64/freebayes-1.3.5-py36h6dcf6d6_3.tar.bz2#543952dd96cf638ff1b7801578950821
https://conda.anaconda.org/conda-forge/noarch/nbformat-5.1.3-pyhd8ed1ab_0.tar.bz2#bafa5df6d4f8db69a4d197b4657127e7
https://conda.anaconda.org/conda-forge/noarch/networkx-2.6.2-pyhd8ed1ab_0.tar.bz2#b04f97de2ed9e3b79d6d50b1d04d9533
https://conda.anaconda.org/conda-forge/linux-64/rich-10.6.0-py36h5fab9bb_0.tar.bz2#bcbda49ec8a05f9936c5f23939f5f9fb
https://conda.anaconda.org/conda-forge/noarch/urllib3-1.26.6-pyhd8ed1ab_0.tar.bz2#dea5b6d93cfbfbc2a253168ad05b3f89
https://conda.anaconda.org/conda-forge/noarch/colormath-3.0.0-py_2.tar.bz2#724c323d724ab98bca84f88d03cff543
https://conda.anaconda.org/conda-forge/noarch/requests-2.26.0-pyhd8ed1ab_0.tar.bz2#0ed2ccbde6db9dd5789068eb7194463f
https://conda.anaconda.org/bioconda/linux-64/whatshap-1.1-py36hae55d0a_1.tar.bz2#e29eebfc8272f67c0e614263435ff9fd
https://conda.anaconda.org/bioconda/noarch/snakemake-minimal-6.6.1-pyhdfd78af_0.tar.bz2#af20c17234a5b945a50ba01e99979428
https://conda.anaconda.org/conda-forge/noarch/spectra-0.0.11-py_1.tar.bz2#3979401f3b9bcebf0adba6d091d390e3
https://conda.anaconda.org/bioconda/noarch/multiqc-1.11-pyhdfd78af_0.tar.bz2#19cfba476d8a6c0fccfa34f2027b2f3c
