# Generated by conda-lock.
# platform: osx-64
# env_hash: f0ef53e3398942e17a5fc15d1a367bba7164b1ef2550323ffcbfae6288ed2753
@EXPLICIT
https://conda.anaconda.org/conda-forge/noarch/nomkl-1.0-h5ca1d4c_0.tar.bz2#9a66894dfd07c4510beb6b3f9672ccc0
https://conda.anaconda.org/bioconda/osx-64/starcode-1.4-hb4d813b_1.tar.bz2#fbe5e4ef6513873a6b8c37f41b22128e
https://conda.anaconda.org/conda-forge/osx-64/bc-1.07.1-h0b31af3_0.tar.bz2#1256f4d79a9192a41dea79a198bed92f
https://conda.anaconda.org/conda-forge/osx-64/bzip2-1.0.8-h0d85af4_4.tar.bz2#37edc4e6304ca87316e160f5ca0bd1b5
https://conda.anaconda.org/conda-forge/osx-64/c-ares-1.17.1-h0d85af4_1.tar.bz2#786a1af1bc9194e43bb3a9e1ea0146ed
https://conda.anaconda.org/conda-forge/osx-64/ca-certificates-2021.5.30-h033912b_0.tar.bz2#2377a0c58b5ffe92d70b7bdcd833e8ff
https://conda.anaconda.org/conda-forge/noarch/font-ttf-dejavu-sans-mono-2.37-hab24e00_0.tar.bz2#0c96522c6bdaed4b1566d11387caaf45
https://conda.anaconda.org/conda-forge/osx-64/isa-l-2.30.0-h0d85af4_4.tar.bz2#e3b807a1a87e622538a5cd31be11fbf9
https://conda.anaconda.org/conda-forge/osx-64/jpeg-9d-hbcb3906_0.tar.bz2#ff6fba028f282f94ceb10597d58a56e8
https://conda.anaconda.org/conda-forge/osx-64/libcxx-12.0.1-habf9029_0.tar.bz2#49c188a7f9c7c9ddabafc80cc5625bb7
https://conda.anaconda.org/conda-forge/osx-64/libdeflate-1.7-h35c211d_5.tar.bz2#6608b6a46fd4555b5c83cda6171cc694
https://conda.anaconda.org/conda-forge/osx-64/libev-4.33-haf1e3a3_1.tar.bz2#79dc2be110b2a3d1e97ec21f691c50ad
https://conda.anaconda.org/conda-forge/osx-64/libiconv-1.16-haf1e3a3_0.tar.bz2#c5fab167412a52e491c8e11453ae016f
https://conda.anaconda.org/conda-forge/osx-64/libwebp-base-1.2.0-h0d85af4_2.tar.bz2#a5d807d5f16967981d45d6f33621f580
https://conda.anaconda.org/conda-forge/osx-64/llvm-openmp-12.0.1-hda6cdc1_1.tar.bz2#35b1fd6ed9f0f1c68583dc9c9f672513
https://conda.anaconda.org/conda-forge/osx-64/ncurses-6.2-h2e338ed_4.tar.bz2#9cef1910395d1543527583e73dba30f1
https://conda.anaconda.org/conda-forge/osx-64/openjdk-8.0.282-h0d85af4_0.tar.bz2#4e2491219c20e28e44015db1b5f1f8ca
https://conda.anaconda.org/conda-forge/osx-64/perl-5.32.1-0_h0d85af4_perl5.tar.bz2#68c078fb92f5adf805cffd4dd1504a41
https://conda.anaconda.org/conda-forge/osx-64/xz-5.2.5-haf1e3a3_1.tar.bz2#41116deb499e9bc58048c297d6403ce6
https://conda.anaconda.org/conda-forge/osx-64/yaml-0.2.5-haf1e3a3_0.tar.bz2#84c2fc186995c25a43e86ed708065572
https://conda.anaconda.org/conda-forge/osx-64/zlib-1.2.11-h7795811_1010.tar.bz2#7d39e47e16ed0107f37c7224d5b5be8b
https://conda.anaconda.org/bioconda/osx-64/bwa-0.7.17-h188c3c3_8.tar.bz2#1df2b5170483aeab2a8a6148ac305e1b
https://conda.anaconda.org/bioconda/osx-64/ema-0.6.2-hfd59bb5_3.tar.bz2#d69df6f4de08fea2884f0ce34342c254
https://conda.anaconda.org/conda-forge/osx-64/icu-68.1-h74dc148_0.tar.bz2#e4e7f8580abd1275ea2250fe606b66ac
https://conda.anaconda.org/bioconda/osx-64/k8-0.2.5-h87af4ef_1.tar.bz2#f91aa49437103ca478e11aedb3e69e4f
https://conda.anaconda.org/conda-forge/osx-64/libedit-3.1.20191231-h0678c8f_2.tar.bz2#6016a8a1d0e63cac3de2c352cd40208b
https://conda.anaconda.org/conda-forge/osx-64/libffi-3.3-h046ec9c_2.tar.bz2#c7a196accaf92d40985d5c9b4d14f9cb
https://conda.anaconda.org/conda-forge/osx-64/libgfortran5-9.3.0-h6c81a4c_23.tar.bz2#a6956ceb628b14594613cefee5127a7a
https://conda.anaconda.org/conda-forge/osx-64/libpng-1.6.37-h7cec526_2.tar.bz2#9e52521faba2b53269672628d34e1513
https://conda.anaconda.org/conda-forge/osx-64/lz4-c-1.9.3-he49afe7_1.tar.bz2#05c08241b66631c00ca4f9e0b75320bc
https://conda.anaconda.org/conda-forge/osx-64/openssl-1.1.1k-h0d85af4_0.tar.bz2#f9582eb16f4e3bc7932995e122f30a74
https://conda.anaconda.org/conda-forge/osx-64/parallel-20210622-h694c41f_0.tar.bz2#4490a39234375b4d27e8abb71f3c320c
https://conda.anaconda.org/conda-forge/osx-64/pcre-8.45-he49afe7_0.tar.bz2#0526850419e04ac003bc0b65a78dc4cc
https://conda.anaconda.org/bioconda/noarch/picard-slim-2.25.7-hdfd78af_0.tar.bz2#45aa8013b4e1a2ae8df78b70f5216eec
https://conda.anaconda.org/conda-forge/osx-64/pigz-2.6-h5dbffcc_0.tar.bz2#19a9f8ce137c5c88a79073cd039ceeb2
https://conda.anaconda.org/conda-forge/osx-64/readline-8.1-h05e3726_0.tar.bz2#2832e9b6a7caa7cb192fcda6cfcd8871
https://conda.anaconda.org/conda-forge/osx-64/tbb-2020.2-h940c156_4.tar.bz2#5b12427550a7a818ce9275ae5dcf6258
https://conda.anaconda.org/conda-forge/osx-64/tk-8.6.10-h0419947_1.tar.bz2#9a79a432473acddd936ff8bab8b86145
https://conda.anaconda.org/conda-forge/osx-64/freetype-2.10.4-h4cff582_1.tar.bz2#5a136a432c6062362cd7990c514bd8d6
https://conda.anaconda.org/conda-forge/osx-64/krb5-1.19.2-hcfbf3a7_0.tar.bz2#a690006b8fea5c7d9eccf30aa07bb5d9
https://conda.anaconda.org/conda-forge/osx-64/libgfortran-5.0.0-9_3_0_h6c81a4c_23.tar.bz2#60f48cef2d50674e0428c5579b6c3f66
https://conda.anaconda.org/conda-forge/osx-64/libnghttp2-1.43.0-h07e645a_0.tar.bz2#b4a9c405d47f3b120ed6cf86cc8a13aa
https://conda.anaconda.org/conda-forge/osx-64/libssh2-1.9.0-h52ee1ee_6.tar.bz2#42cebefd1fd127d1180e3df004a413b7
https://conda.anaconda.org/conda-forge/osx-64/libxml2-2.9.12-h93ec3fd_0.tar.bz2#3bb7e5cd72ee6520ce6e26600a1283db
https://conda.anaconda.org/bioconda/osx-64/minimap2-2.21-h188c3c3_0.tar.bz2#9566c036a3f6a5eff33b79a460bab06b
https://conda.anaconda.org/conda-forge/osx-64/sqlite-3.36.0-h23a322b_0.tar.bz2#6b6f868ab26da23c5a9b518799de901a
https://conda.anaconda.org/conda-forge/osx-64/zstd-1.4.9-h582d3a0_0.tar.bz2#551e04087371339ee63524f2988faa62
https://conda.anaconda.org/conda-forge/osx-64/fontconfig-2.13.1-h10f422b_1005.tar.bz2#95d7756fee0926aa2b6d111299c173f7
https://conda.anaconda.org/conda-forge/osx-64/libcurl-7.78.0-hf45b732_0.tar.bz2#dbd0239d2c0aee6405a5466ad7cdf7ee
https://conda.anaconda.org/conda-forge/osx-64/libopenblas-0.3.17-openmp_h3351f45_1.tar.bz2#7bcb478878af05fa60697e809d7827aa
https://conda.anaconda.org/conda-forge/osx-64/libtiff-4.2.0-h46d1c8c_2.tar.bz2#37bb06418d6114913f052f2064b21ba9
https://conda.anaconda.org/conda-forge/osx-64/python-3.6.13-h7728216_0_cpython.tar.bz2#607359d4e340d0f87f0fb13d18008967
https://conda.anaconda.org/conda-forge/noarch/appdirs-1.4.4-pyh9f0ad1d_0.tar.bz2#5f095bc6454094e96f146491fd03633b
https://conda.anaconda.org/conda-forge/noarch/attrs-21.2.0-pyhd8ed1ab_0.tar.bz2#d2e1c7f388ac403df7079b411c37cc50
https://conda.anaconda.org/conda-forge/noarch/charset-normalizer-2.0.0-pyhd8ed1ab_0.tar.bz2#4a57e24d5b759893615c05926b7b5fb9
https://conda.anaconda.org/conda-forge/noarch/colorama-0.4.4-pyh9f0ad1d_0.tar.bz2#c08b4c1326b880ed44f3ffb04803332f
https://conda.anaconda.org/conda-forge/noarch/configargparse-1.5.1-pyhd8ed1ab_0.tar.bz2#d554e5120ba05a2bd833ca90366fa2ef
https://conda.anaconda.org/conda-forge/noarch/connection_pool-0.0.3-pyhd3deb0d_0.tar.bz2#e270fff08907db8691c02a0eda8d38ae
https://conda.anaconda.org/conda-forge/noarch/dataclasses-0.7-pyhe4b4509_6.tar.bz2#e592a6fba1b6f333ee5e22ab67c4d167
https://conda.anaconda.org/conda-forge/noarch/decorator-4.4.2-py_0.tar.bz2#d2eabb9cabd212e1ec6a9463bd846243
https://conda.anaconda.org/bioconda/noarch/fastqc-0.11.9-hdfd78af_1.tar.bz2#abd0a12b10022d480c5c508e9170b1ed
https://conda.anaconda.org/conda-forge/noarch/filelock-3.0.12-pyh9f0ad1d_0.tar.bz2#7544ed05bbbe9bb687bc9bcbe4d6cb46
https://conda.anaconda.org/bioconda/noarch/gatk4-4.2.1.0-hdfd78af_0.tar.bz2#009d1f809bb1f425d1f42efbe63febd1
https://conda.anaconda.org/bioconda/osx-64/htslib-1.12-hc38c3fb_1.tar.bz2#0b57df953e3604413894c8c247d48bf0
https://conda.anaconda.org/conda-forge/noarch/idna-3.1-pyhd3deb0d_0.tar.bz2#9c9aea4b8391264477df484f798562d0
https://conda.anaconda.org/conda-forge/noarch/ipython_genutils-0.2.0-py_1.tar.bz2#5071c982548b3a20caf70462f04f5287
https://conda.anaconda.org/conda-forge/osx-64/lcms2-2.12-h577c468_0.tar.bz2#abce77b852b73670e85e104746b0ea1b
https://conda.anaconda.org/conda-forge/osx-64/libblas-3.9.0-10_openblas.tar.bz2#7c40e86f4f5c4b4e1677d26f4af6458a
https://conda.anaconda.org/conda-forge/noarch/olefile-0.46-pyh9f0ad1d_1.tar.bz2#0b2e68acc8c78c8cc392b90983481f58
https://conda.anaconda.org/conda-forge/osx-64/openjpeg-2.4.0-h6e7aa92_1.tar.bz2#c8cbb6d99f6467246ac26a139256e50f
https://conda.anaconda.org/conda-forge/noarch/pycparser-2.20-pyh9f0ad1d_2.tar.bz2#aa798d50ffd182a0f6f31478c7f434f6
https://conda.anaconda.org/conda-forge/noarch/pyparsing-2.4.7-pyh9f0ad1d_0.tar.bz2#626c4f20d5bf06dcec9cf2eaa31725c7
https://conda.anaconda.org/conda-forge/osx-64/python_abi-3.6-2_cp36m.tar.bz2#8bda098622b6c1548318108301221303
https://conda.anaconda.org/conda-forge/noarch/pytz-2021.1-pyhd8ed1ab_0.tar.bz2#3af2e9424d5eb0063824a3f9b850d411
https://conda.anaconda.org/conda-forge/noarch/ratelimiter-1.2.0-py_1002.tar.bz2#a3326f1950c9a8e52a4b5817ba607caa
https://conda.anaconda.org/conda-forge/noarch/six-1.16.0-pyh6c4a22f_0.tar.bz2#e5f25f8dbc060e9a8d912e432202afc2
https://conda.anaconda.org/conda-forge/noarch/smart_open-5.1.0-pyhd8ed1ab_1.tar.bz2#05361238acb497a00049d75396fbdbe0
https://conda.anaconda.org/conda-forge/noarch/smmap-3.0.5-pyh44b312d_0.tar.bz2#3a8dc70789709aa315325d5df06fb7e4
https://conda.anaconda.org/conda-forge/noarch/tabulate-0.8.9-pyhd8ed1ab_0.tar.bz2#ee657dbe69e892aeccde7cabb4edf261
https://conda.anaconda.org/conda-forge/noarch/toposort-1.6-pyhd8ed1ab_0.tar.bz2#87da8886abd55a5c2636fc6e44143059
https://conda.anaconda.org/conda-forge/noarch/typing_extensions-3.10.0.0-pyha770c72_0.tar.bz2#67c0cba6533b641f28946d7c16f361c8
https://conda.anaconda.org/conda-forge/noarch/zipp-3.5.0-pyhd8ed1ab_0.tar.bz2#f9dd05a5ed6b81c91f097e3739107a74
https://conda.anaconda.org/bioconda/osx-64/bowtie2-2.4.4-py36h5be5513_0.tar.bz2#251bf3369461918daee82fddffadc2a1
https://conda.anaconda.org/conda-forge/osx-64/certifi-2021.5.30-py36h79c6626_0.tar.bz2#58fe138d3ee47fc36b7682e3f7192d9b
https://conda.anaconda.org/conda-forge/osx-64/cffi-1.14.6-py36h66709a0_0.tar.bz2#9db88fade4f5f69b0c503454f3637e7d
https://conda.anaconda.org/conda-forge/osx-64/chardet-4.0.0-py36h79c6626_1.tar.bz2#9d108a47b52b3a9960e95ee4cb4d7bd6
https://conda.anaconda.org/conda-forge/noarch/cycler-0.10.0-py_2.tar.bz2#f6d7c7e6d8f42cbbec7e07a8d879f91c
https://conda.anaconda.org/conda-forge/osx-64/datrie-0.8.2-py36hfa26744_2.tar.bz2#1f4fa875008155a11fa05ac4a1adfb8e
https://conda.anaconda.org/conda-forge/osx-64/docutils-0.17.1-py36h79c6626_0.tar.bz2#b171d7dbbf0bb891755e717ddff9f4ce
https://conda.anaconda.org/conda-forge/osx-64/future-0.18.2-py36h79c6626_3.tar.bz2#083abc3aecb26f784227646ee88a5d6e
https://conda.anaconda.org/conda-forge/noarch/gitdb-4.0.7-pyhd8ed1ab_0.tar.bz2#12977b4cc317a6ee2939aedcb09a4898
https://conda.anaconda.org/conda-forge/osx-64/humanfriendly-9.2-py36h79c6626_1.tar.bz2#da3a2f14898764d07f64e205e85d635b
https://conda.anaconda.org/conda-forge/osx-64/importlib-metadata-4.6.3-py36h79c6626_0.tar.bz2#5de595d7697954b1186ce53825b5d45e
https://conda.anaconda.org/conda-forge/noarch/importlib_resources-5.2.2-pyhd8ed1ab_0.tar.bz2#95f347313ca89b90b65ea5265051aea1
https://conda.anaconda.org/conda-forge/osx-64/kiwisolver-1.3.1-py36hc61eee1_1.tar.bz2#d463af9a1bda36f9f64234f5547d2793
https://conda.anaconda.org/conda-forge/osx-64/libcblas-3.9.0-10_openblas.tar.bz2#b36b3e81ef01386e8945409d6d701e02
https://conda.anaconda.org/conda-forge/osx-64/liblapack-3.9.0-10_openblas.tar.bz2#db172c5684054cd5f59b173dd84246ff
https://conda.anaconda.org/conda-forge/osx-64/markupsafe-2.0.1-py36hfa26744_0.tar.bz2#95d86ff338d078e46e38e30b930a559d
https://conda.anaconda.org/bioconda/osx-64/mosdepth-0.3.2-h8cf073c_0.tar.bz2#9b87df063dd62146314f756ee3807252
https://conda.anaconda.org/conda-forge/osx-64/pillow-8.2.0-py36h154fef6_1.tar.bz2#203164b1ce17d80f7561fbd8dad7acd6
https://conda.anaconda.org/conda-forge/osx-64/psutil-5.8.0-py36hfa26744_1.tar.bz2#59e182d845433be45fb33be602194467
https://conda.anaconda.org/bioconda/noarch/pyfaidx-0.6.1-pyh5e36f6f_0.tar.bz2#ebf38cb49438bd3e433a5d436e1b4d2a
https://conda.anaconda.org/conda-forge/osx-64/pyrsistent-0.17.3-py36hfa26744_2.tar.bz2#b53c096f65adb8df1aac483799352b83
https://conda.anaconda.org/bioconda/osx-64/pysam-0.16.0.1-py36h71aea8d_3.tar.bz2#fb541b0bf3d8f398b1473f5be4d0416c
https://conda.anaconda.org/conda-forge/osx-64/pysocks-1.7.1-py36h79c6626_3.tar.bz2#82c5d8e513559c97364e1c0e676cf83a
https://conda.anaconda.org/conda-forge/noarch/python-dateutil-2.8.2-pyhd8ed1ab_0.tar.bz2#dd999d1cc9f79e67dbb855c8924c7984
https://conda.anaconda.org/conda-forge/osx-64/python-isal-0.11.0-py36hfa26744_0.tar.bz2#5770334d130dffc2c09f27f199cd9622
https://conda.anaconda.org/conda-forge/osx-64/pyyaml-5.4.1-py36h20b66c6_0.tar.bz2#271bdcfe208b523b9ae61d80576decd4
https://conda.anaconda.org/conda-forge/osx-64/ruamel.yaml.clib-0.2.2-py36h20b66c6_2.tar.bz2#e8a1fb7769809428bac40ec8a19e245c
https://conda.anaconda.org/bioconda/osx-64/samtools-1.12-hfcfc997_1.tar.bz2#2ea37ec4b4675eec93a1ad9f41f7a302
https://conda.anaconda.org/conda-forge/osx-64/simplejson-3.17.3-py36hfa26744_0.tar.bz2#b9eb866e5b73d3e4128bd2b0e03a442d
https://conda.anaconda.org/conda-forge/osx-64/tornado-6.1-py36hfa26744_1.tar.bz2#e473dc173e2a563be46d70582da8cd6d
https://conda.anaconda.org/conda-forge/noarch/tqdm-4.62.0-pyhd8ed1ab_0.tar.bz2#6eaecae6ef42374481ce616292a0c945
https://conda.anaconda.org/conda-forge/osx-64/traitlets-4.3.3-py36h9f0ad1d_1.tar.bz2#465aceca33712aec20ea32a7d6bcdc05
https://conda.anaconda.org/conda-forge/osx-64/wrapt-1.12.1-py36hfa26744_3.tar.bz2#8e1e2de15cb34d3c3c21a1ce6856618b
https://conda.anaconda.org/conda-forge/noarch/amply-0.1.4-py_0.tar.bz2#041279ad9cf0a09c2d9a5a829b7811a5
https://conda.anaconda.org/conda-forge/osx-64/brotlipy-0.7.0-py36hfa26744_1001.tar.bz2#2978ae88b8e9ba587d0c335d0320f18d
https://conda.anaconda.org/conda-forge/osx-64/click-8.0.1-py36h79c6626_0.tar.bz2#cfbd3e8143cfe410f5ee1a3ab39dc497
https://conda.anaconda.org/conda-forge/osx-64/coincbc-2.10.5-h35dd71c_1.tar.bz2#a059ed74c0a759aa2abba63bb848b064
https://conda.anaconda.org/conda-forge/osx-64/coloredlogs-15.0.1-py36h79c6626_1.tar.bz2#480d73de5cc40093ae9cdf8b1c417e64
https://conda.anaconda.org/conda-forge/noarch/commonmark-0.9.1-py_0.tar.bz2#6aa0173c14befcd577ded130cf6f22f5
https://conda.anaconda.org/conda-forge/osx-64/cryptography-3.4.7-py36h3d45be8_0.tar.bz2#c72755e397cb277a5c1eada87bf4bb75
https://conda.anaconda.org/conda-forge/noarch/gitpython-3.1.18-pyhd8ed1ab_0.tar.bz2#19520f600cddf466cc3551e521809b66
https://conda.anaconda.org/conda-forge/osx-64/gsl-2.6-h71c5fe9_2.tar.bz2#6468b455b2234916ebc07c2058611a3d
https://conda.anaconda.org/bioconda/osx-64/hapcut2-1.3.2-h05cf09b_1.tar.bz2#eff226a19f93bd151bdca4c846084b9f
https://conda.anaconda.org/conda-forge/noarch/jinja2-3.0.1-pyhd8ed1ab_0.tar.bz2#c647e77921fd3e245cdcc5b2d451a0f8
https://conda.anaconda.org/conda-forge/osx-64/jupyter_core-4.7.1-py36h79c6626_0.tar.bz2#5bd2cfc13115919991063f1cfe7ddd93
https://conda.anaconda.org/conda-forge/noarch/lzstring-1.0.4-py_1001.tar.bz2#08f3559feb5354d308287d9dc10ef184
https://conda.anaconda.org/conda-forge/noarch/markdown-3.3.4-pyhd8ed1ab_0.tar.bz2#b8054f74fbed2b282f032219f114421a
https://conda.anaconda.org/conda-forge/osx-64/numpy-1.19.5-py36h08b5fde_2.tar.bz2#701405c925bfdd5975cc0b8ad59320a3
https://conda.anaconda.org/conda-forge/osx-64/setuptools-49.6.0-py36h79c6626_3.tar.bz2#47c2e464861798d6ce4422f76ce3ea5f
https://conda.anaconda.org/bioconda/osx-64/tabixpp-1.1.0-h9cabb03_6.tar.bz2#7845910dfc843790f077d1c172c6b773
https://conda.anaconda.org/conda-forge/osx-64/xopen-1.1.0-py36h79c6626_3.tar.bz2#73b4feed28b1c77922e3f6d4cdefba38
https://conda.anaconda.org/bioconda/osx-64/bcftools-1.12-hffb3c55_1.tar.bz2#8b2ad675e5a8b67935143804cd778b2f
https://conda.anaconda.org/conda-forge/osx-64/biopython-1.79-py36hfa26744_0.tar.bz2#3932a9e15cf43bfb5558de72f7aa52a8
https://conda.anaconda.org/bioconda/osx-64/dnaio-0.5.1-py36ha714b87_0.tar.bz2#525f3944f796459590d4a3e62a6f159a
https://conda.anaconda.org/conda-forge/noarch/jsonschema-3.2.0-pyhd8ed1ab_3.tar.bz2#66125e28711d8ffc04a207a2b170316d
https://conda.anaconda.org/conda-forge/osx-64/matplotlib-base-3.3.4-py36h4ea959b_0.tar.bz2#7a7089eaafb392bd63b55eb75dd9bbf4
https://conda.anaconda.org/conda-forge/osx-64/pandas-1.1.5-py36h2be6da3_0.tar.bz2#26690db95c7d3a6785aa1c57a9be5a30
https://conda.anaconda.org/conda-forge/osx-64/pulp-2.4-py36h79c6626_0.tar.bz2#7e9fdcec83505c8e5617242bbbe9e8d0
https://conda.anaconda.org/conda-forge/noarch/pygments-2.9.0-pyhd8ed1ab_0.tar.bz2#a2d9bba43c9b80a42b0ccb9afd7223c2
https://conda.anaconda.org/conda-forge/noarch/pyopenssl-20.0.1-pyhd8ed1ab_0.tar.bz2#92371c25994d0f5d28a01c1fb75ebf86
https://conda.anaconda.org/conda-forge/osx-64/ruamel.yaml-0.17.10-py36hfa26744_0.tar.bz2#8b8feea4309ccd8cd0fb28b2a9fb7d95
https://conda.anaconda.org/conda-forge/osx-64/scipy-1.5.3-py36h04de62b_0.tar.bz2#e247c8d7ae7e222548c01ffe5896aeaa
https://conda.anaconda.org/conda-forge/noarch/stopit-1.1.2-py_0.tar.bz2#a07ae164291cd456aa3012f44654a950
https://conda.anaconda.org/bioconda/osx-64/vcflib-1.0.2-h9954cba_5.tar.bz2#0bb21a2ce7a122e673df1bb6e79de1bc
https://conda.anaconda.org/bioconda/osx-64/cutadapt-2.5-py36h01d97ff_0.tar.bz2#5b8cc220c92f0cee7df0ddd4d9a2a2a0
https://conda.anaconda.org/bioconda/osx-64/freebayes-1.3.5-py36h20e10bf_3.tar.bz2#0cf889f3d7f81d4ea6d477363a25cb91
https://conda.anaconda.org/conda-forge/noarch/nbformat-5.1.3-pyhd8ed1ab_0.tar.bz2#bafa5df6d4f8db69a4d197b4657127e7
https://conda.anaconda.org/conda-forge/noarch/networkx-2.6.2-pyhd8ed1ab_0.tar.bz2#b04f97de2ed9e3b79d6d50b1d04d9533
https://conda.anaconda.org/conda-forge/osx-64/rich-10.6.0-py36h79c6626_0.tar.bz2#d4e3b98e467fa64c357a24116f9b6778
https://conda.anaconda.org/conda-forge/noarch/urllib3-1.26.6-pyhd8ed1ab_0.tar.bz2#dea5b6d93cfbfbc2a253168ad05b3f89
https://conda.anaconda.org/conda-forge/noarch/colormath-3.0.0-py_2.tar.bz2#724c323d724ab98bca84f88d03cff543
https://conda.anaconda.org/conda-forge/noarch/requests-2.26.0-pyhd8ed1ab_0.tar.bz2#0ed2ccbde6db9dd5789068eb7194463f
https://conda.anaconda.org/bioconda/osx-64/whatshap-1.1-py36h01e6e40_1.tar.bz2#a3baa3cc4976db77189707077aacc314
https://conda.anaconda.org/bioconda/noarch/snakemake-minimal-6.6.1-pyhdfd78af_0.tar.bz2#af20c17234a5b945a50ba01e99979428
https://conda.anaconda.org/conda-forge/noarch/spectra-0.0.11-py_1.tar.bz2#3979401f3b9bcebf0adba6d091d390e3
https://conda.anaconda.org/bioconda/noarch/multiqc-1.11-pyhdfd78af_0.tar.bz2#19cfba476d8a6c0fccfa34f2027b2f3c
